{
	"name": "Prograchallenges.com",
	"lockfileVersion": 2,
	"requires": true,
	"packages": {
		"": {
			"dependencies": {
				"brace": "^0.11.1",
				"regenerator-runtime": "^0.13.9",
				"tio.js": "^1.1.0",
				"vuejs-ace-editor": "^1.0.1"
			}
		},
		"node_modules/brace": {
			"version": "0.11.1",
			"resolved": "https://registry.npmjs.org/brace/-/brace-0.11.1.tgz",
			"integrity": "sha1-SJb8ydVE7vRfS7dmDbMg07N5/lg="
		},
		"node_modules/regenerator-runtime": {
			"version": "0.13.9",
			"resolved": "https://registry.npmjs.org/regenerator-runtime/-/regenerator-runtime-0.13.9.tgz",
			"integrity": "sha512-p3VT+cOEgxFsRRA9X4lkI1E+k2/CtnKtU4gcxyaCUreilL/vqI6CdZ3wxVUx3UOUg+gnUOQQcRI7BmSI656MYA=="
		},
		"node_modules/tio.js": {
			"version": "1.1.0",
			"resolved": "https://registry.npmjs.org/tio.js/-/tio.js-1.1.0.tgz",
			"integrity": "sha512-NqSEXSn/ZVjF1stV8Up0A3uYjCDUIITpiUDFqPQiU70SKHg1qpzhIfpbPTjHHTag/qWofC6abYb0bnYSweBmDg=="
		},
		"node_modules/vuejs-ace-editor": {
			"version": "1.0.1",
			"resolved": "https://registry.npmjs.org/vuejs-ace-editor/-/vuejs-ace-editor-1.0.1.tgz",
			"integrity": "sha512-p89IW7pCqfqrvAxnwSTJUz2KkT1n9W+9LSJVQo7AKGbJ2RuLRVXkzqGB/90VCZJVgqPOXeW4SRV1mxXR0O4yBQ==",
			"dependencies": {
				"brace": "^0.11.1"
			}
		}
	},
	"dependencies": {
		"brace": {
			"version": "0.11.1",
			"resolved": "https://registry.npmjs.org/brace/-/brace-0.11.1.tgz",
			"integrity": "sha1-SJb8ydVE7vRfS7dmDbMg07N5/lg="
		},
		"regenerator-runtime": {
			"version": "0.13.9",
			"resolved": "https://registry.npmjs.org/regenerator-runtime/-/regenerator-runtime-0.13.9.tgz",
			"integrity": "sha512-p3VT+cOEgxFsRRA9X4lkI1E+k2/CtnKtU4gcxyaCUreilL/vqI6CdZ3wxVUx3UOUg+gnUOQQcRI7BmSI656MYA=="
		},
		"tio.js": {
			"version": "1.1.0",
			"resolved": "https://registry.npmjs.org/tio.js/-/tio.js-1.1.0.tgz",
			"integrity": "sha512-NqSEXSn/ZVjF1stV8Up0A3uYjCDUIITpiUDFqPQiU70SKHg1qpzhIfpbPTjHHTag/qWofC6abYb0bnYSweBmDg=="
		},
		"vuejs-ace-editor": {
			"version": "1.0.1",
			"resolved": "https://registry.npmjs.org/vuejs-ace-editor/-/vuejs-ace-editor-1.0.1.tgz",
			"integrity": "sha512-p89IW7pCqfqrvAxnwSTJUz2KkT1n9W+9LSJVQo7AKGbJ2RuLRVXkzqGB/90VCZJVgqPOXeW4SRV1mxXR0O4yBQ==",
			"requires": {
				"brace": "^0.11.1"
			}
		}
	}
}
